<?xml version="1.0" encoding="utf-8"?>
<Project ToolsVersion="4.0" xmlns="http://schemas.microsoft.com/developer/msbuild/2003">
  <ItemGroup>
    <Filter Include="Source Files">
      <UniqueIdentifier>{39e44f13-f187-4937-b872-74e017597dc2}</UniqueIdentifier>
      <Extensions>cpp;c;cxx;rc;def;r;odl;idl;hpj;bat</Extensions>
    </Filter>
    <Filter Include="Header Files">
      <UniqueIdentifier>{ce1c4f79-3119-41b3-8562-109d234c41ba}</UniqueIdentifier>
      <Extensions>h;hh;hpp;hxx;hm;inl</Extensions>
    </Filter>
  </ItemGroup>
  <ItemGroup>
    <ClCompile Include="..\..\src\Appender.cpp">
      <Filter>Source Files</Filter>
    </ClCompile>
    <ClCompile Include="..\..\src\AppenderSkeleton.cpp">
      <Filter>Source Files</Filter>
    </ClCompile>
    <ClCompile Include="..\..\src\AbortAppender.cpp">
      <Filter>Source Files</Filter>
    </ClCompile>
    <ClCompile Include="..\..\src\BasicConfigurator.cpp">
      <Filter>Source Files</Filter>
    </ClCompile>
    <ClCompile Include="..\..\src\BasicLayout.cpp">
      <Filter>Source Files</Filter>
    </ClCompile>
    <ClCompile Include="..\..\src\Category.cpp">
      <Filter>Source Files</Filter>
    </ClCompile>
    <ClCompile Include="..\..\src\CategoryStream.cpp">
      <Filter>Source Files</Filter>
    </ClCompile>
    <ClCompile Include="..\..\src\Configurator.cpp">
      <Filter>Source Files</Filter>
    </ClCompile>
    <ClCompile Include="..\..\src\DummyThreads.cpp">
      <Filter>Source Files</Filter>
    </ClCompile>
    <ClCompile Include="..\..\src\FileAppender.cpp">
      <Filter>Source Files</Filter>
    </ClCompile>
    <ClCompile Include="..\..\src\Filter.cpp">
      <Filter>Source Files</Filter>
    </ClCompile>
    <ClCompile Include="..\..\src\FixedContextCategory.cpp">
      <Filter>Source Files</Filter>
    </ClCompile>
    <ClCompile Include="..\..\src\HierarchyMaintainer.cpp">
      <Filter>Source Files</Filter>
    </ClCompile>
    <ClCompile Include="..\..\src\IdsaAppender.cpp">
      <Filter>Source Files</Filter>
    </ClCompile>
    <ClCompile Include="..\..\src\LayoutAppender.cpp">
      <Filter>Source Files</Filter>
    </ClCompile>
    <ClCompile Include="..\..\src\LoggingEvent.cpp">
      <Filter>Source Files</Filter>
    </ClCompile>
    <ClCompile Include="..\..\src\MSThreads.cpp">
      <Filter>Source Files</Filter>
    </ClCompile>
    <ClCompile Include="..\..\src\NDC.cpp">
      <Filter>Source Files</Filter>
    </ClCompile>
    <ClCompile Include="..\..\src\NTEventLogAppender.cpp">
      <Filter>Source Files</Filter>
    </ClCompile>
    <ClCompile Include="..\..\src\OmniThreads.cpp">
      <Filter>Source Files</Filter>
    </ClCompile>
    <ClCompile Include="..\..\src\OstreamAppender.cpp">
      <Filter>Source Files</Filter>
    </ClCompile>
    <ClCompile Include="..\..\src\PatternLayout.cpp">
      <Filter>Source Files</Filter>
    </ClCompile>
    <ClCompile Include="..\..\src\PortabilityImpl.cpp">
      <Filter>Source Files</Filter>
    </ClCompile>
    <ClCompile Include="..\..\src\Priority.cpp">
      <Filter>Source Files</Filter>
    </ClCompile>
    <ClCompile Include="..\..\src\Properties.cpp">
      <Filter>Source Files</Filter>
    </ClCompile>
    <ClCompile Include="..\..\src\PropertyConfigurator.cpp">
      <Filter>Source Files</Filter>
    </ClCompile>
    <ClCompile Include="..\..\src\PropertyConfiguratorImpl.cpp">
      <Filter>Source Files</Filter>
    </ClCompile>
    <ClCompile Include="..\..\src\PThreads.cpp">
      <Filter>Source Files</Filter>
    </ClCompile>
    <ClCompile Include="..\..\src\RemoteSyslogAppender.cpp">
      <Filter>Source Files</Filter>
    </ClCompile>
    <ClCompile Include="..\..\src\RollingFileAppender.cpp">
      <Filter>Source Files</Filter>
    </ClCompile>
    <ClCompile Include="..\..\src\SimpleConfigurator.cpp">
      <Filter>Source Files</Filter>
    </ClCompile>
    <ClCompile Include="..\..\src\SimpleLayout.cpp">
      <Filter>Source Files</Filter>
    </ClCompile>
    <ClCompile Include="..\..\src\StringQueueAppender.cpp">
      <Filter>Source Files</Filter>
    </ClCompile>
    <ClCompile Include="..\..\src\StringUtil.cpp">
      <Filter>Source Files</Filter>
    </ClCompile>
    <ClCompile Include="..\..\src\TimeStamp.cpp">
      <Filter>Source Files</Filter>
    </ClCompile>
    <ClCompile Include="..\..\src\Win32DebugAppender.cpp">
      <Filter>Source Files</Filter>
    </ClCompile>
    <ClCompile Include="..\..\src\FactoryParams.cpp">
      <Filter>Source Files</Filter>
    </ClCompile>
    <ClCompile Include="..\..\src\Localtime.cpp">
      <Filter>Source Files</Filter>
    </ClCompile>
  </ItemGroup>
  <ItemGroup>
    <ClInclude Include="..\..\include\log4cpp\Appender.hh">
      <Filter>Header Files</Filter>
    </ClInclude>
    <ClInclude Include="..\..\include\log4cpp\AppenderSkeleton.hh">
      <Filter>Header Files</Filter>
    </ClInclude>
    <ClInclude Include="..\..\include\log4cpp\BasicConfigurator.hh">
      <Filter>Header Files</Filter>
    </ClInclude>
    <ClInclude Include="..\..\include\log4cpp\BasicLayout.hh">
      <Filter>Header Files</Filter>
    </ClInclude>
    <ClInclude Include="..\..\include\log4cpp\threading\BoostThreads.hh">
      <Filter>Header Files</Filter>
    </ClInclude>
    <ClInclude Include="..\..\include\log4cpp\Category.hh">
      <Filter>Header Files</Filter>
    </ClInclude>
    <ClInclude Include="..\..\include\log4cpp\CategoryStream.hh">
      <Filter>Header Files</Filter>
    </ClInclude>
    <ClInclude Include="..\..\include\log4cpp\config-win32.h">
      <Filter>Header Files</Filter>
    </ClInclude>
    <ClInclude Include="..\..\include\log4cpp\Configurator.hh">
      <Filter>Header Files</Filter>
    </ClInclude>
    <ClInclude Include="..\..\include\log4cpp\ConfiguratorSkeleton.hh">
      <Filter>Header Files</Filter>
    </ClInclude>
    <ClInclude Include="..\..\include\log4cpp\threading\DummyThreads.hh">
      <Filter>Header Files</Filter>
    </ClInclude>
    <ClInclude Include="..\..\include\log4cpp\Export.hh">
      <Filter>Header Files</Filter>
    </ClInclude>
    <ClInclude Include="..\..\include\log4cpp\FileAppender.hh">
      <Filter>Header Files</Filter>
    </ClInclude>
    <ClInclude Include="..\..\include\log4cpp\Filter.hh">
      <Filter>Header Files</Filter>
    </ClInclude>
    <ClInclude Include="..\..\include\log4cpp\FixedContextCategory.hh">
      <Filter>Header Files</Filter>
    </ClInclude>
    <ClInclude Include="..\..\include\log4cpp\HierarchyMaintainer.hh">
      <Filter>Header Files</Filter>
    </ClInclude>
    <ClInclude Include="..\..\include\log4cpp\IdsaAppender.hh">
      <Filter>Header Files</Filter>
    </ClInclude>
    <ClInclude Include="..\..\include\log4cpp\Layout.hh">
      <Filter>Header Files</Filter>
    </ClInclude>
    <ClInclude Include="..\..\include\log4cpp\LayoutAppender.hh">
      <Filter>Header Files</Filter>
    </ClInclude>
    <ClInclude Include="..\..\include\log4cpp\LoggingEvent.hh">
      <Filter>Header Files</Filter>
    </ClInclude>
    <ClInclude Include="..\..\include\log4cpp\threading\MSThreads.hh">
      <Filter>Header Files</Filter>
    </ClInclude>
    <ClInclude Include="..\..\include\log4cpp\NDC.hh">
      <Filter>Header Files</Filter>
    </ClInclude>
    <ClInclude Include="..\..\include\log4cpp\NTEventLogAppender.hh">
      <Filter>Header Files</Filter>
    </ClInclude>
    <ClInclude Include="..\..\include\log4cpp\threading\OmniThreads.hh">
      <Filter>Header Files</Filter>
    </ClInclude>
    <ClInclude Include="..\..\include\log4cpp\OstreamAppender.hh">
      <Filter>Header Files</Filter>
    </ClInclude>
    <ClInclude Include="..\..\include\log4cpp\PatternLayout.hh">
      <Filter>Header Files</Filter>
    </ClInclude>
    <ClInclude Include="..\..\include\log4cpp\Portability.hh">
      <Filter>Header Files</Filter>
    </ClInclude>
    <ClInclude Include="..\src\PortabilityImpl.hh">
      <Filter>Header Files</Filter>
    </ClInclude>
    <ClInclude Include="..\..\include\log4cpp\Priority.hh">
      <Filter>Header Files</Filter>
    </ClInclude>
    <ClInclude Include="..\..\src\Properties.hh">
      <Filter>Header Files</Filter>
    </ClInclude>
    <ClInclude Include="..\..\include\log4cpp\PropertyConfigurator.hh">
      <Filter>Header Files</Filter>
    </ClInclude>
    <ClInclude Include="..\..\include\log4cpp\RemoteSyslogAppender.hh">
      <Filter>Header Files</Filter>
    </ClInclude>
    <ClInclude Include="..\..\include\log4cpp\RollingFileAppender.hh">
      <Filter>Header Files</Filter>
    </ClInclude>
    <ClInclude Include="..\..\include\log4cpp\SimpleConfigurator.hh">
      <Filter>Header Files</Filter>
    </ClInclude>
    <ClInclude Include="..\..\include\log4cpp\SimpleLayout.hh">
      <Filter>Header Files</Filter>
    </ClInclude>
    <ClInclude Include="..\..\include\log4cpp\StringQueueAppender.hh">
      <Filter>Header Files</Filter>
    </ClInclude>
    <ClInclude Include="..\..\include\log4cpp\SyslogAppender.hh">
      <Filter>Header Files</Filter>
    </ClInclude>
    <ClInclude Include="..\..\include\log4cpp\threading\Threading.hh">
      <Filter>Header Files</Filter>
    </ClInclude>
    <ClInclude Include="..\..\include\log4cpp\TimeStamp.hh">
      <Filter>Header Files</Filter>
    </ClInclude>
    <ClInclude Include="..\..\include\log4cpp\Win32DebugAppender.hh">
      <Filter>Header Files</Filter>
    </ClInclude>
  </ItemGroup>
</Project>